
Microsoft Visual Studio Solution File, Format Version 12.00
# Visual Studio 15
Project("{FAE04EC0-301F-11D3-BF4B-00C04F79EFBC}") = "Vidly", "Vidly.csproj", "{5EB49775-36F7-4C39-AEB6-F2B68ABE46D0}"
EndProject
Project("{FAE04EC0-301F-11D3-BF4B-00C04F79EFBC}") = "Vidly.Tests", "Vidly.Tests\Vidly.Tests.csproj", "{A2DBE2F2-49A1-4F47-977C-1ECA09ED9DA5}"
EndProject
Global
	GlobalSection(SolutionConfigurationPlatforms) = preSolution
		Debug|Any CPU = Debug|Any CPU
		Release|Any CPU = Release|Any CPU
	EndGlobalSection
	GlobalSection(ProjectConfigurationPlatforms) = postSolution
		{5EB49775-36F7-4C39-AEB6-F2B68ABE46D0}.Debug|Any CPU.ActiveCfg = Debug|Any CPU
		{5EB49775-36F7-4C39-AEB6-F2B68ABE46D0}.Debug|Any CPU.Build.0 = Debug|Any CPU
		{5EB49775-36F7-4C39-AEB6-F2B68ABE46D0}.Release|Any CPU.ActiveCfg = Release|Any CPU
		{5EB49775-36F7-4C39-AEB6-F2B68ABE46D0}.Release|Any CPU.Build.0 = Release|Any CPU
		{A2DBE2F2-49A1-4F47-977C-1ECA09ED9DA5}.Debug|Any CPU.ActiveCfg = Debug|Any CPU
		{A2DBE2F2-49A1-4F47-977C-1ECA09ED9DA5}.Debug|Any CPU.Build.0 = Debug|Any CPU
		{A2DBE2F2-49A1-4F47-977C-1ECA09ED9DA5}.Release|Any CPU.ActiveCfg = Release|Any CPU
		{A2DBE2F2-49A1-4F47-977C-1ECA09ED9DA5}.Release|Any CPU.Build.0 = Release|Any CPU
	EndGlobalSection
EndGlobal
